{
  "name": "my-app",
  "lockfileVersion": 3,
  "requires": true,
  "packages": {
    "": {
      "dependencies": {
        "my-app": "file:..",
        "zustand": "^5.0.6"
      }
    },
    "..": {
      "version": "0.0.0",
      "dependencies": {
        "axios": "^1.9.0",
        "react": "^19.0.0",
        "react-dom": "^19.0.0",
        "react-helmet": "^6.1.0",
        "react-hot-toast": "^2.5.2",
        "react-icons": "^5.5.0",
        "react-router-dom": "^7.5.2",
        "socket.io-client": "^4.8.1"
      },
      "devDependencies": {
        "@eslint/js": "^9.22.0",
        "@types/react": "^19.0.10",
        "@types/react-dom": "^19.0.4",
        "@vitejs/plugin-react": "^4.3.4",
        "autoprefixer": "^10.4.21",
        "eslint": "^9.22.0",
        "eslint-plugin-react-hooks": "^5.2.0",
        "eslint-plugin-react-refresh": "^0.4.19",
        "globals": "^16.0.0",
        "postcss": "^8.5.3",
        "tailwindcss": "^3.4.17",
        "vite": "^6.3.5"
      }
    },
    "node_modules/my-app": {
      "resolved": "..",
      "link": true
    },
    "node_modules/zustand": {
      "version": "5.0.6",
      "resolved": "https://registry.npmjs.org/zustand/-/zustand-5.0.6.tgz",
      "integrity": "sha512-ihAqNeUVhe0MAD+X8M5UzqyZ9k3FFZLBTtqo6JLPwV53cbRB/mJwBI0PxcIgqhBBHlEs8G45OTDTMq3gNcLq3A==",
      "license": "MIT",
      "engines": {
        "node": ">=12.20.0"
      },
      "peerDependencies": {
        "@types/react": ">=18.0.0",
        "immer": ">=9.0.6",
        "react": ">=18.0.0",
        "use-sync-external-store": ">=1.2.0"
      },
      "peerDependenciesMeta": {
        "@types/react": {
          "optional": true
        },
        "immer": {
          "optional": true
        },
        "react": {
          "optional": true
        },
        "use-sync-external-store": {
          "optional": true
        }
      }
    }
  }
}
